Microsoft Visual Studio Solution File, Format Version 11.00
# Visual Studio 2010
Project("{FAE04EC0-301F-11D3-BF4B-00C04F79EFBC}") = "T333639", "T333639\T333639.csproj", "{487DD2EF-3F73-483C-8ABD-CA2B957DB13F}"
EndProject
Global
	GlobalSection(SolutionConfigurationPlatforms) = preSolution
		Debug|Any CPU = Debug|Any CPU
		Release|Any CPU = Release|Any CPU
	EndGlobalSection
	GlobalSection(ProjectConfigurationPlatforms) = postSolution
		{487DD2EF-3F73-483C-8ABD-CA2B957DB13F}.Debug|Any CPU.ActiveCfg = Debug|Any CPU
		{487DD2EF-3F73-483C-8ABD-CA2B957DB13F}.Debug|Any CPU.Build.0 = Debug|Any CPU
		{487DD2EF-3F73-483C-8ABD-CA2B957DB13F}.Release|Any CPU.ActiveCfg = Release|Any CPU
		{487DD2EF-3F73-483C-8ABD-CA2B957DB13F}.Release|Any CPU.Build.0 = Release|Any CPU
	EndGlobalSection
	GlobalSection(SolutionProperties) = preSolution
		HideSolutionNode = FALSE
	EndGlobalSection
EndGlobal
